
Microsoft Visual Studio Solution File, Format Version 12.00
# Visual Studio Version 17
VisualStudioVersion = 17.4.33213.308
MinimumVisualStudioVersion = 10.0.40219.1
Project("{9A19103F-16F7-4668-BE54-9A1E7A4F7556}") = "GasStationMosOil", "GasStationMosOil\GasStationMosOil.csproj", "{ABA083A2-2CFF-4AAA-8AE9-9DE5832D3365}"
EndProject
Global
	GlobalSection(SolutionConfigurationPlatforms) = preSolution
		Debug|Any CPU = Debug|Any CPU
		Release|Any CPU = Release|Any CPU
	EndGlobalSection
	GlobalSection(ProjectConfigurationPlatforms) = postSolution
		{ABA083A2-2CFF-4AAA-8AE9-9DE5832D3365}.Debug|Any CPU.ActiveCfg = Debug|Any CPU
		{ABA083A2-2CFF-4AAA-8AE9-9DE5832D3365}.Debug|Any CPU.Build.0 = Debug|Any CPU
		{ABA083A2-2CFF-4AAA-8AE9-9DE5832D3365}.Release|Any CPU.ActiveCfg = Release|Any CPU
		{ABA083A2-2CFF-4AAA-8AE9-9DE5832D3365}.Release|Any CPU.Build.0 = Release|Any CPU
	EndGlobalSection
	GlobalSection(SolutionProperties) = preSolution
		HideSolutionNode = FALSE
	EndGlobalSection
	GlobalSection(ExtensibilityGlobals) = postSolution
		SolutionGuid = {7E9CB7DA-4E0D-4166-B0A5-445C0EBDAA5E}
	EndGlobalSection
EndGlobal
